// !$*UTF8*$!
{
	archiveVersion = 1;
	classes = {
	};
	objectVersion = 56;
	objects = {

/* Begin PBXBuildFile section */
		4C7E46452B6B962000A66095 /* RealityKitContent in Frameworks */ = {isa = PBXBuildFile; productRef = 4C7E46442B6B962000A66095 /* RealityKitContent */; };
		4C7E46472B6B962000A66095 /* astronout_imageApp.swift in Sources */ = {isa = PBXBuildFile; fileRef = 4C7E46462B6B962000A66095 /* astronout_imageApp.swift */; };
		4C7E46492B6B962000A66095 /* ContentView.swift in Sources */ = {isa = PBXBuildFile; fileRef = 4C7E46482B6B962000A66095 /* ContentView.swift */; };
		4C7E464B2B6B962300A66095 /* Assets.xcassets in Resources */ = {isa = PBXBuildFile; fileRef = 4C7E464A2B6B962300A66095 /* Assets.xcassets */; };
		4C7E464E2B6B962300A66095 /* Preview Assets.xcassets in Resources */ = {isa = PBXBuildFile; fileRef = 4C7E464D2B6B962300A66095 /* Preview Assets.xcassets */; };
		4C7E46562B6B976C00A66095 /* CosmonautSuit_en.reality in Resources */ = {isa = PBXBuildFile; fileRef = 4C7E46552B6B976C00A66095 /* CosmonautSuit_en.reality */; };
		4C7E46582B6B980E00A66095 /* AstroView.swift in Sources */ = {isa = PBXBuildFile; fileRef = 4C7E46572B6B980E00A66095 /* AstroView.swift */; };
/* End PBXBuildFile section */

/* Begin PBXFileReference section */
		4C7E463F2B6B962000A66095 /* astronout-image.app */ = {isa = PBXFileReference; explicitFileType = wrapper.application; includeInIndex = 0; path = "astronout-image.app"; sourceTree = BUILT_PRODUCTS_DIR; };
		4C7E46432B6B962000A66095 /* RealityKitContent */ = {isa = PBXFileReference; lastKnownFileType = wrapper; path = RealityKitContent; sourceTree = "<group>"; };
		4C7E46462B6B962000A66095 /* astronout_imageApp.swift */ = {isa = PBXFileReference; lastKnownFileType = sourcecode.swift; path = astronout_imageApp.swift; sourceTree = "<group>"; };
		4C7E46482B6B962000A66095 /* ContentView.swift */ = {isa = PBXFileReference; lastKnownFileType = sourcecode.swift; path = ContentView.swift; sourceTree = "<group>"; };
		4C7E464A2B6B962300A66095 /* Assets.xcassets */ = {isa = PBXFileReference; lastKnownFileType = folder.assetcatalog; path = Assets.xcassets; sourceTree = "<group>"; };
		4C7E464D2B6B962300A66095 /* Preview Assets.xcassets */ = {isa = PBXFileReference; lastKnownFileType = folder.assetcatalog; path = "Preview Assets.xcassets"; sourceTree = "<group>"; };
		4C7E464F2B6B962300A66095 /* Info.plist */ = {isa = PBXFileReference; lastKnownFileType = text.plist.xml; path = Info.plist; sourceTree = "<group>"; };
		4C7E46552B6B976C00A66095 /* CosmonautSuit_en.reality */ = {isa = PBXFileReference; lastKnownFileType = file; path = CosmonautSuit_en.reality; sourceTree = "<group>"; };
		4C7E46572B6B980E00A66095 /* AstroView.swift */ = {isa = PBXFileReference; lastKnownFileType = sourcecode.swift; path = AstroView.swift; sourceTree = "<group>"; };
/* End PBXFileReference section */

/* Begin PBXFrameworksBuildPhase section */
		4C7E463C2B6B962000A66095 /* Frameworks */ = {
			isa = PBXFrameworksBuildPhase;
			buildActionMask = 2147483647;
			files = (
				4C7E46452B6B962000A66095 /* RealityKitContent in Frameworks */,
			);
			runOnlyForDeploymentPostprocessing = 0;
		};
/* End PBXFrameworksBuildPhase section */

/* Begin PBXGroup section */
		4C7E46362B6B962000A66095 = {
			isa = PBXGroup;
			children = (
				4C7E46412B6B962000A66095 /* astronout-image */,
				4C7E46422B6B962000A66095 /* Packages */,
				4C7E46402B6B962000A66095 /* Products */,
			);
			sourceTree = "<group>";
		};
		4C7E46402B6B962000A66095 /* Products */ = {
			isa = PBXGroup;
			children = (
				4C7E463F2B6B962000A66095 /* astronout-image.app */,
			);
			name = Products;
			sourceTree = "<group>";
		};
		4C7E46412B6B962000A66095 /* astronout-image */ = {
			isa = PBXGroup;
			children = (
				4C7E46462B6B962000A66095 /* astronout_imageApp.swift */,
				4C7E46552B6B976C00A66095 /* CosmonautSuit_en.reality */,
				4C7E46482B6B962000A66095 /* ContentView.swift */,
				4C7E464A2B6B962300A66095 /* Assets.xcassets */,
				4C7E464F2B6B962300A66095 /* Info.plist */,
				4C7E464C2B6B962300A66095 /* Preview Content */,
				4C7E46572B6B980E00A66095 /* AstroView.swift */,
			);
			path = "astronout-image";
			sourceTree = "<group>";
		};
		4C7E46422B6B962000A66095 /* Packages */ = {
			isa = PBXGroup;
			children = (
				4C7E46432B6B962000A66095 /* RealityKitContent */,
			);
			path = Packages;
			sourceTree = "<group>";
		};
		4C7E464C2B6B962300A66095 /* Preview Content */ = {
			isa = PBXGroup;
			children = (
				4C7E464D2B6B962300A66095 /* Preview Assets.xcassets */,
			);
			path = "Preview Content";
			sourceTree = "<group>";
		};
/* End PBXGroup section */

/* Begin PBXNativeTarget section */
		4C7E463E2B6B962000A66095 /* astronout-image */ = {
			isa = PBXNativeTarget;
			buildConfigurationList = 4C7E46522B6B962300A66095 /* Build configuration list for PBXNativeTarget "astronout-image" */;
			buildPhases = (
				4C7E463B2B6B962000A66095 /* Sources */,
				4C7E463C2B6B962000A66095 /* Frameworks */,
				4C7E463D2B6B962000A66095 /* Resources */,
			);
			buildRules = (
			);
			dependencies = (
			);
			name = "astronout-image";
			packageProductDependencies = (
				4C7E46442B6B962000A66095 /* RealityKitContent */,
			);
			productName = "astronout-image";
			productReference = 4C7E463F2B6B962000A66095 /* astronout-image.app */;
			productType = "com.apple.product-type.application";
		};
/* End PBXNativeTarget section */

/* Begin PBXProject section */
		4C7E46372B6B962000A66095 /* Project object */ = {
			isa = PBXProject;
			attributes = {
				BuildIndependentTargetsInParallel = 1;
				LastSwiftUpdateCheck = 1520;
				LastUpgradeCheck = 1520;
				TargetAttributes = {
					4C7E463E2B6B962000A66095 = {
						CreatedOnToolsVersion = 15.2;
					};
				};
			};
			buildConfigurationList = 4C7E463A2B6B962000A66095 /* Build configuration list for PBXProject "astronout-image" */;
			compatibilityVersion = "Xcode 14.0";
			developmentRegion = en;
			hasScannedForEncodings = 0;
			knownRegions = (
				en,
				Base,
			);
			mainGroup = 4C7E46362B6B962000A66095;
			productRefGroup = 4C7E46402B6B962000A66095 /* Products */;
			projectDirPath = "";
			projectRoot = "";
			targets = (
				4C7E463E2B6B962000A66095 /* astronout-image */,
			);
		};
/* End PBXProject section */

/* Begin PBXResourcesBuildPhase section */
		4C7E463D2B6B962000A66095 /* Resources */ = {
			isa = PBXResourcesBuildPhase;
			buildActionMask = 2147483647;
			files = (
				4C7E464E2B6B962300A66095 /* Preview Assets.xcassets in Resources */,
				4C7E46562B6B976C00A66095 /* CosmonautSuit_en.reality in Resources */,
				4C7E464B2B6B962300A66095 /* Assets.xcassets in Resources */,
			);
			runOnlyForDeploymentPostprocessing = 0;
		};
/* End PBXResourcesBuildPhase section */

/* Begin PBXSourcesBuildPhase section */
		4C7E463B2B6B962000A66095 /* Sources */ = {
			isa = PBXSourcesBuildPhase;
			buildActionMask = 2147483647;
			files = (
				4C7E46582B6B980E00A66095 /* AstroView.swift in Sources */,
				4C7E46492B6B962000A66095 /* ContentView.swift in Sources */,
				4C7E46472B6B962000A66095 /* astronout_imageApp.swift in Sources */,
			);
			runOnlyForDeploymentPostprocessing = 0;
		};
/* End PBXSourcesBuildPhase section */

/* Begin XCBuildConfiguration section */
		4C7E46502B6B962300A66095 /* Debug */ = {
			isa = XCBuildConfiguration;
			buildSettings = {
				ALWAYS_SEARCH_USER_PATHS = NO;
				ASSETCATALOG_COMPILER_GENERATE_SWIFT_ASSET_SYMBOL_EXTENSIONS = YES;
				CLANG_ANALYZER_NONNULL = YES;
				CLANG_ANALYZER_NUMBER_OBJECT_CONVERSION = YES_AGGRESSIVE;
				CLANG_CXX_LANGUAGE_STANDARD = "gnu++20";
				CLANG_ENABLE_MODULES = YES;
				CLANG_ENABLE_OBJC_ARC = YES;
				CLANG_ENABLE_OBJC_WEAK = YES;
				CLANG_WARN_BLOCK_CAPTURE_AUTORELEASING = YES;
				CLANG_WARN_BOOL_CONVERSION = YES;
				CLANG_WARN_COMMA = YES;
				CLANG_WARN_CONSTANT_CONVERSION = YES;
				CLANG_WARN_DEPRECATED_OBJC_IMPLEMENTATIONS = YES;
				CLANG_WARN_DIRECT_OBJC_ISA_USAGE = YES_ERROR;
				CLANG_WARN_DOCUMENTATION_COMMENTS = YES;
				CLANG_WARN_EMPTY_BODY = YES;
				CLANG_WARN_ENUM_CONVERSION = YES;
				CLANG_WARN_INFINITE_RECURSION = YES;
				CLANG_WARN_INT_CONVERSION = YES;
				CLANG_WARN_NON_LITERAL_NULL_CONVERSION = YES;
				CLANG_WARN_OBJC_IMPLICIT_RETAIN_SELF = YES;
				CLANG_WARN_OBJC_LITERAL_CONVERSION = YES;
				CLANG_WARN_OBJC_ROOT_CLASS = YES_ERROR;
				CLANG_WARN_QUOTED_INCLUDE_IN_FRAMEWORK_HEADER = YES;
				CLANG_WARN_RANGE_LOOP_ANALYSIS = YES;
				CLANG_WARN_STRICT_PROTOTYPES = YES;
				CLANG_WARN_SUSPICIOUS_MOVE = YES;
				CLANG_WARN_UNGUARDED_AVAILABILITY = YES_AGGRESSIVE;
				CLANG_WARN_UNREACHABLE_CODE = YES;
				CLANG_WARN__DUPLICATE_METHOD_MATCH = YES;
				COPY_PHASE_STRIP = NO;
				DEBUG_INFORMATION_FORMAT = dwarf;
				ENABLE_STRICT_OBJC_MSGSEND = YES;
				ENABLE_TESTABILITY = YES;
				ENABLE_USER_SCRIPT_SANDBOXING = YES;
				GCC_C_LANGUAGE_STANDARD = gnu17;
				GCC_DYNAMIC_NO_PIC = NO;
				GCC_NO_COMMON_BLOCKS = YES;
				GCC_OPTIMIZATION_LEVEL = 0;
				GCC_PREPROCESSOR_DEFINITIONS = (
					"DEBUG=1",
					"$(inherited)",
				);
				GCC_WARN_64_TO_32_BIT_CONVERSION = YES;
				GCC_WARN_ABOUT_RETURN_TYPE = YES_ERROR;
				GCC_WARN_UNDECLARED_SELECTOR = YES;
				GCC_WARN_UNINITIALIZED_AUTOS = YES_AGGRESSIVE;
				GCC_WARN_UNUSED_FUNCTION = YES;
				GCC_WARN_UNUSED_VARIABLE = YES;
				LOCALIZATION_PREFERS_STRING_CATALOGS = YES;
				MTL_ENABLE_DEBUG_INFO = INCLUDE_SOURCE;
				MTL_FAST_MATH = YES;
				ONLY_ACTIVE_ARCH = YES;
				SDKROOT = xros;
				SWIFT_ACTIVE_COMPILATION_CONDITIONS = "DEBUG $(inherited)";
				SWIFT_OPTIMIZATION_LEVEL = "-Onone";
				XROS_DEPLOYMENT_TARGET = 1.0;
			};
			name = Debug;
		};
		4C7E46512B6B962300A66095 /* Release */ = {
			isa = XCBuildConfiguration;
			buildSettings = {
				ALWAYS_SEARCH_USER_PATHS = NO;
				ASSETCATALOG_COMPILER_GENERATE_SWIFT_ASSET_SYMBOL_EXTENSIONS = YES;
				CLANG_ANALYZER_NONNULL = YES;
				CLANG_ANALYZER_NUMBER_OBJECT_CONVERSION = YES_AGGRESSIVE;
				CLANG_CXX_LANGUAGE_STANDARD = "gnu++20";
				CLANG_ENABLE_MODULES = YES;
				CLANG_ENABLE_OBJC_ARC = YES;
				CLANG_ENABLE_OBJC_WEAK = YES;
				CLANG_WARN_BLOCK_CAPTURE_AUTORELEASING = YES;
				CLANG_WARN_BOOL_CONVERSION = YES;
				CLANG_WARN_COMMA = YES;
				CLANG_WARN_CONSTANT_CONVERSION = YES;
				CLANG_WARN_DEPRECATED_OBJC_IMPLEMENTATIONS = YES;
				CLANG_WARN_DIRECT_OBJC_ISA_USAGE = YES_ERROR;
				CLANG_WARN_DOCUMENTATION_COMMENTS = YES;
				CLANG_WARN_EMPTY_BODY = YES;
				CLANG_WARN_ENUM_CONVERSION = YES;
				CLANG_WARN_INFINITE_RECURSION = YES;
				CLANG_WARN_INT_CONVERSION = YES;
				CLANG_WARN_NON_LITERAL_NULL_CONVERSION = YES;
				CLANG_WARN_OBJC_IMPLICIT_RETAIN_SELF = YES;
				CLANG_WARN_OBJC_LITERAL_CONVERSION = YES;
				CLANG_WARN_OBJC_ROOT_CLASS = YES_ERROR;
				CLANG_WARN_QUOTED_INCLUDE_IN_FRAMEWORK_HEADER = YES;
				CLANG_WARN_RANGE_LOOP_ANALYSIS = YES;
				CLANG_WARN_STRICT_PROTOTYPES = YES;
				CLANG_WARN_SUSPICIOUS_MOVE = YES;
				CLANG_WARN_UNGUARDED_AVAILABILITY = YES_AGGRESSIVE;
				CLANG_WARN_UNREACHABLE_CODE = YES;
				CLANG_WARN__DUPLICATE_METHOD_MATCH = YES;
				COPY_PHASE_STRIP = NO;
				DEBUG_INFORMATION_FORMAT = "dwarf-with-dsym";
				ENABLE_NS_ASSERTIONS = NO;
				ENABLE_STRICT_OBJC_MSGSEND = YES;
				ENABLE_USER_SCRIPT_SANDBOXING = YES;
				GCC_C_LANGUAGE_STANDARD = gnu17;
				GCC_NO_COMMON_BLOCKS = YES;
				GCC_WARN_64_TO_32_BIT_CONVERSION = YES;
				GCC_WARN_ABOUT_RETURN_TYPE = YES_ERROR;
				GCC_WARN_UNDECLARED_SELECTOR = YES;
				GCC_WARN_UNINITIALIZED_AUTOS = YES_AGGRESSIVE;
				GCC_WARN_UNUSED_FUNCTION = YES;
				GCC_WARN_UNUSED_VARIABLE = YES;
				LOCALIZATION_PREFERS_STRING_CATALOGS = YES;
				MTL_ENABLE_DEBUG_INFO = NO;
				MTL_FAST_MATH = YES;
				SDKROOT = xros;
				SWIFT_COMPILATION_MODE = wholemodule;
				VALIDATE_PRODUCT = YES;
				XROS_DEPLOYMENT_TARGET = 1.0;
			};
			name = Release;
		};
		4C7E46532B6B962300A66095 /* Debug */ = {
			isa = XCBuildConfiguration;
			buildSettings = {
				ASSETCATALOG_COMPILER_APPICON_NAME = AppIcon;
				ASSETCATALOG_COMPILER_GLOBAL_ACCENT_COLOR_NAME = AccentColor;
				CODE_SIGN_STYLE = Automatic;
				CURRENT_PROJECT_VERSION = 1;
				DEVELOPMENT_ASSET_PATHS = "\"astronout-image/Preview Content\"";
				DEVELOPMENT_TEAM = Y9FSLX65TN;
				ENABLE_PREVIEWS = YES;
				GENERATE_INFOPLIST_FILE = YES;
				INFOPLIST_FILE = "$(TARGET_NAME)/Info.plist";
				LD_RUNPATH_SEARCH_PATHS = (
					"$(inherited)",
					"@executable_path/Frameworks",
				);
				MARKETING_VERSION = 1.0;
				PRODUCT_BUNDLE_IDENTIFIER = "com.lahiru.astronout-image";
				PRODUCT_NAME = "$(TARGET_NAME)";
				SUPPORTED_PLATFORMS = "xros xrsimulator";
				SWIFT_EMIT_LOC_STRINGS = YES;
				SWIFT_VERSION = 5.0;
				TARGETED_DEVICE_FAMILY = "1,2,7";
			};
			name = Debug;
		};
		4C7E46542B6B962300A66095 /* Release */ = {
			isa = XCBuildConfiguration;
			buildSettings = {
				ASSETCATALOG_COMPILER_APPICON_NAME = AppIcon;
				ASSETCATALOG_COMPILER_GLOBAL_ACCENT_COLOR_NAME = AccentColor;
				CODE_SIGN_STYLE = Automatic;
				CURRENT_PROJECT_VERSION = 1;
				DEVELOPMENT_ASSET_PATHS = "\"astronout-image/Preview Content\"";
				DEVELOPMENT_TEAM = Y9FSLX65TN;
				ENABLE_PREVIEWS = YES;
				GENERATE_INFOPLIST_FILE = YES;
				INFOPLIST_FILE = "$(TARGET_NAME)/Info.plist";
				LD_RUNPATH_SEARCH_PATHS = (
					"$(inherited)",
					"@executable_path/Frameworks",
				);
				MARKETING_VERSION = 1.0;
				PRODUCT_BUNDLE_IDENTIFIER = "com.lahiru.astronout-image";
				PRODUCT_NAME = "$(TARGET_NAME)";
				SUPPORTED_PLATFORMS = "xros xrsimulator";
				SWIFT_EMIT_LOC_STRINGS = YES;
				SWIFT_VERSION = 5.0;
				TARGETED_DEVICE_FAMILY = "1,2,7";
			};
			name = Release;
		};
/* End XCBuildConfiguration section */

/* Begin XCConfigurationList section */
		4C7E463A2B6B962000A66095 /* Build configuration list for PBXProject "astronout-image" */ = {
			isa = XCConfigurationList;
			buildConfigurations = (
				4C7E46502B6B962300A66095 /* Debug */,
				4C7E46512B6B962300A66095 /* Release */,
			);
			defaultConfigurationIsVisible = 0;
			defaultConfigurationName = Release;
		};
		4C7E46522B6B962300A66095 /* Build configuration list for PBXNativeTarget "astronout-image" */ = {
			isa = XCConfigurationList;
			buildConfigurations = (
				4C7E46532B6B962300A66095 /* Debug */,
				4C7E46542B6B962300A66095 /* Release */,
			);
			defaultConfigurationIsVisible = 0;
			defaultConfigurationName = Release;
		};
/* End XCConfigurationList section */

/* Begin XCSwiftPackageProductDependency section */
		4C7E46442B6B962000A66095 /* RealityKitContent */ = {
			isa = XCSwiftPackageProductDependency;
			productName = RealityKitContent;
		};
/* End XCSwiftPackageProductDependency section */
	};
	rootObject = 4C7E46372B6B962000A66095 /* Project object */;
}
